{
  "originHash" : "52452c752884d1b49072d9c2ac97d67a67120addbe87acac0d568f29321dc85a",
  "pins" : [
    {
      "identity" : "onnxruntime-swift-package-manager",
      "kind" : "remoteSourceControl",
      "location" : "https://github.com/microsoft/onnxruntime-swift-package-manager",
      "state" : {
        "revision" : "b7fb7f7dea8a2469e6335d95a61b8f36d0dc83b2",
        "version" : "1.24.2"
      }
    },
    {
      "identity" : "siren",
      "kind" : "remoteSourceControl",
      "location" : "https://github.com/ArtSabintsev/Siren",
      "state" : {
        "revision" : "6139af3394bc3635c6c8d5255339796feaa7d1a0",
        "version" : "6.1.3"
      }
    }
  ],
  "version" : 3
}
